// !$*UTF8*$!
{
	archiveVersion = 1;
	classes = {
	};
	objectVersion = 55;
	objects = {

/* Begin PBXBuildFile section */
		74345210289A793700C1E487 /* AppDelegate.swift in Sources */ = {isa = PBXBuildFile; fileRef = 7434520F289A793700C1E487 /* AppDelegate.swift */; };
		74345212289A793700C1E487 /* SceneDelegate.swift in Sources */ = {isa = PBXBuildFile; fileRef = 74345211289A793700C1E487 /* SceneDelegate.swift */; };
		74345214289A793700C1E487 /* ViewController.swift in Sources */ = {isa = PBXBuildFile; fileRef = 74345213289A793700C1E487 /* ViewController.swift */; };
		74345217289A793700C1E487 /* Main.storyboard in Resources */ = {isa = PBXBuildFile; fileRef = 74345215289A793700C1E487 /* Main.storyboard */; };
		74345219289A793C00C1E487 /* Assets.xcassets in Resources */ = {isa = PBXBuildFile; fileRef = 74345218289A793C00C1E487 /* Assets.xcassets */; };
		7434521C289A793C00C1E487 /* LaunchScreen.storyboard in Resources */ = {isa = PBXBuildFile; fileRef = 7434521A289A793C00C1E487 /* LaunchScreen.storyboard */; };
		74345258289A7F8700C1E487 /* nz08.jpg in Resources */ = {isa = PBXBuildFile; fileRef = 7434524E289A7F8700C1E487 /* nz08.jpg */; };
		74345259289A7F8700C1E487 /* nz09.jpg in Resources */ = {isa = PBXBuildFile; fileRef = 7434524F289A7F8700C1E487 /* nz09.jpg */; };
		7434525A289A7F8700C1E487 /* nz02.jpg in Resources */ = {isa = PBXBuildFile; fileRef = 74345250289A7F8700C1E487 /* nz02.jpg */; };
		7434525B289A7F8700C1E487 /* nz03.jpg in Resources */ = {isa = PBXBuildFile; fileRef = 74345251289A7F8700C1E487 /* nz03.jpg */; };
		7434525C289A7F8700C1E487 /* nz01.jpg in Resources */ = {isa = PBXBuildFile; fileRef = 74345252289A7F8700C1E487 /* nz01.jpg */; };
		7434525D289A7F8700C1E487 /* nz04.jpg in Resources */ = {isa = PBXBuildFile; fileRef = 74345253289A7F8700C1E487 /* nz04.jpg */; };
		7434525E289A7F8700C1E487 /* nz10.jpg in Resources */ = {isa = PBXBuildFile; fileRef = 74345254289A7F8700C1E487 /* nz10.jpg */; };
		7434525F289A7F8700C1E487 /* nz05.jpg in Resources */ = {isa = PBXBuildFile; fileRef = 74345255289A7F8700C1E487 /* nz05.jpg */; };
		74345260289A7F8700C1E487 /* nz07.jpg in Resources */ = {isa = PBXBuildFile; fileRef = 74345256289A7F8700C1E487 /* nz07.jpg */; };
		74345261289A7F8700C1E487 /* nz06.jpg in Resources */ = {isa = PBXBuildFile; fileRef = 74345257289A7F8700C1E487 /* nz06.jpg */; };
		74345263289B547C00C1E487 /* DetailViewController.swift in Sources */ = {isa = PBXBuildFile; fileRef = 74345262289B547C00C1E487 /* DetailViewController.swift */; };
/* End PBXBuildFile section */

/* Begin PBXFileReference section */
		7434520C289A793700C1E487 /* ImageViewer.app */ = {isa = PBXFileReference; explicitFileType = wrapper.application; includeInIndex = 0; path = ImageViewer.app; sourceTree = BUILT_PRODUCTS_DIR; };
		7434520F289A793700C1E487 /* AppDelegate.swift */ = {isa = PBXFileReference; lastKnownFileType = sourcecode.swift; path = AppDelegate.swift; sourceTree = "<group>"; };
		74345211289A793700C1E487 /* SceneDelegate.swift */ = {isa = PBXFileReference; lastKnownFileType = sourcecode.swift; path = SceneDelegate.swift; sourceTree = "<group>"; };
		74345213289A793700C1E487 /* ViewController.swift */ = {isa = PBXFileReference; lastKnownFileType = sourcecode.swift; path = ViewController.swift; sourceTree = "<group>"; };
		74345216289A793700C1E487 /* Base */ = {isa = PBXFileReference; lastKnownFileType = file.storyboard; name = Base; path = Base.lproj/Main.storyboard; sourceTree = "<group>"; };
		74345218289A793C00C1E487 /* Assets.xcassets */ = {isa = PBXFileReference; lastKnownFileType = folder.assetcatalog; path = Assets.xcassets; sourceTree = "<group>"; };
		7434521B289A793C00C1E487 /* Base */ = {isa = PBXFileReference; lastKnownFileType = file.storyboard; name = Base; path = Base.lproj/LaunchScreen.storyboard; sourceTree = "<group>"; };
		7434521D289A793C00C1E487 /* Info.plist */ = {isa = PBXFileReference; lastKnownFileType = text.plist.xml; path = Info.plist; sourceTree = "<group>"; };
		7434524E289A7F8700C1E487 /* nz08.jpg */ = {isa = PBXFileReference; lastKnownFileType = image.jpeg; path = nz08.jpg; sourceTree = "<group>"; };
		7434524F289A7F8700C1E487 /* nz09.jpg */ = {isa = PBXFileReference; lastKnownFileType = image.jpeg; path = nz09.jpg; sourceTree = "<group>"; };
		74345250289A7F8700C1E487 /* nz02.jpg */ = {isa = PBXFileReference; lastKnownFileType = image.jpeg; path = nz02.jpg; sourceTree = "<group>"; };
		74345251289A7F8700C1E487 /* nz03.jpg */ = {isa = PBXFileReference; lastKnownFileType = image.jpeg; path = nz03.jpg; sourceTree = "<group>"; };
		74345252289A7F8700C1E487 /* nz01.jpg */ = {isa = PBXFileReference; lastKnownFileType = image.jpeg; path = nz01.jpg; sourceTree = "<group>"; };
		74345253289A7F8700C1E487 /* nz04.jpg */ = {isa = PBXFileReference; lastKnownFileType = image.jpeg; path = nz04.jpg; sourceTree = "<group>"; };
		74345254289A7F8700C1E487 /* nz10.jpg */ = {isa = PBXFileReference; lastKnownFileType = image.jpeg; path = nz10.jpg; sourceTree = "<group>"; };
		74345255289A7F8700C1E487 /* nz05.jpg */ = {isa = PBXFileReference; lastKnownFileType = image.jpeg; path = nz05.jpg; sourceTree = "<group>"; };
		74345256289A7F8700C1E487 /* nz07.jpg */ = {isa = PBXFileReference; lastKnownFileType = image.jpeg; path = nz07.jpg; sourceTree = "<group>"; };
		74345257289A7F8700C1E487 /* nz06.jpg */ = {isa = PBXFileReference; lastKnownFileType = image.jpeg; path = nz06.jpg; sourceTree = "<group>"; };
		74345262289B547C00C1E487 /* DetailViewController.swift */ = {isa = PBXFileReference; lastKnownFileType = sourcecode.swift; path = DetailViewController.swift; sourceTree = "<group>"; };
/* End PBXFileReference section */

/* Begin PBXFrameworksBuildPhase section */
		74345209289A793700C1E487 /* Frameworks */ = {
			isa = PBXFrameworksBuildPhase;
			buildActionMask = 2147483647;
			files = (
			);
			runOnlyForDeploymentPostprocessing = 0;
		};
/* End PBXFrameworksBuildPhase section */

/* Begin PBXGroup section */
		74345203289A793700C1E487 = {
			isa = PBXGroup;
			children = (
				7434520E289A793700C1E487 /* ImageViewer */,
				7434520D289A793700C1E487 /* Products */,
			);
			sourceTree = "<group>";
		};
		7434520D289A793700C1E487 /* Products */ = {
			isa = PBXGroup;
			children = (
				7434520C289A793700C1E487 /* ImageViewer.app */,
			);
			name = Products;
			sourceTree = "<group>";
		};
		7434520E289A793700C1E487 /* ImageViewer */ = {
			isa = PBXGroup;
			children = (
				7434520F289A793700C1E487 /* AppDelegate.swift */,
				74345211289A793700C1E487 /* SceneDelegate.swift */,
				74345213289A793700C1E487 /* ViewController.swift */,
				74345262289B547C00C1E487 /* DetailViewController.swift */,
				74345215289A793700C1E487 /* Main.storyboard */,
				74345218289A793C00C1E487 /* Assets.xcassets */,
				7434521A289A793C00C1E487 /* LaunchScreen.storyboard */,
				7434521D289A793C00C1E487 /* Info.plist */,
				7434524D289A7F8700C1E487 /* Content */,
			);
			path = ImageViewer;
			sourceTree = "<group>";
		};
		7434524D289A7F8700C1E487 /* Content */ = {
			isa = PBXGroup;
			children = (
				7434524E289A7F8700C1E487 /* nz08.jpg */,
				7434524F289A7F8700C1E487 /* nz09.jpg */,
				74345250289A7F8700C1E487 /* nz02.jpg */,
				74345251289A7F8700C1E487 /* nz03.jpg */,
				74345252289A7F8700C1E487 /* nz01.jpg */,
				74345253289A7F8700C1E487 /* nz04.jpg */,
				74345254289A7F8700C1E487 /* nz10.jpg */,
				74345255289A7F8700C1E487 /* nz05.jpg */,
				74345256289A7F8700C1E487 /* nz07.jpg */,
				74345257289A7F8700C1E487 /* nz06.jpg */,
			);
			name = Content;
			path = ../../../../../../../../Downloads/ImageViewer/Content;
			sourceTree = "<group>";
		};
/* End PBXGroup section */

/* Begin PBXNativeTarget section */
		7434520B289A793700C1E487 /* ImageViewer */ = {
			isa = PBXNativeTarget;
			buildConfigurationList = 74345220289A793C00C1E487 /* Build configuration list for PBXNativeTarget "ImageViewer" */;
			buildPhases = (
				74345208289A793700C1E487 /* Sources */,
				74345209289A793700C1E487 /* Frameworks */,
				7434520A289A793700C1E487 /* Resources */,
			);
			buildRules = (
			);
			dependencies = (
			);
			name = ImageViewer;
			productName = ImageViewer;
			productReference = 7434520C289A793700C1E487 /* ImageViewer.app */;
			productType = "com.apple.product-type.application";
		};
/* End PBXNativeTarget section */

/* Begin PBXProject section */
		74345204289A793700C1E487 /* Project object */ = {
			isa = PBXProject;
			attributes = {
				BuildIndependentTargetsInParallel = 1;
				LastSwiftUpdateCheck = 1340;
				LastUpgradeCheck = 1340;
				TargetAttributes = {
					7434520B289A793700C1E487 = {
						CreatedOnToolsVersion = 13.4.1;
					};
				};
			};
			buildConfigurationList = 74345207289A793700C1E487 /* Build configuration list for PBXProject "ImageViewer" */;
			compatibilityVersion = "Xcode 13.0";
			developmentRegion = en;
			hasScannedForEncodings = 0;
			knownRegions = (
				en,
				Base,
			);
			mainGroup = 74345203289A793700C1E487;
			productRefGroup = 7434520D289A793700C1E487 /* Products */;
			projectDirPath = "";
			projectRoot = "";
			targets = (
				7434520B289A793700C1E487 /* ImageViewer */,
			);
		};
/* End PBXProject section */

/* Begin PBXResourcesBuildPhase section */
		7434520A289A793700C1E487 /* Resources */ = {
			isa = PBXResourcesBuildPhase;
			buildActionMask = 2147483647;
			files = (
				7434525C289A7F8700C1E487 /* nz01.jpg in Resources */,
				7434521C289A793C00C1E487 /* LaunchScreen.storyboard in Resources */,
				7434525B289A7F8700C1E487 /* nz03.jpg in Resources */,
				7434525A289A7F8700C1E487 /* nz02.jpg in Resources */,
				7434525D289A7F8700C1E487 /* nz04.jpg in Resources */,
				74345259289A7F8700C1E487 /* nz09.jpg in Resources */,
				7434525E289A7F8700C1E487 /* nz10.jpg in Resources */,
				74345219289A793C00C1E487 /* Assets.xcassets in Resources */,
				7434525F289A7F8700C1E487 /* nz05.jpg in Resources */,
				74345261289A7F8700C1E487 /* nz06.jpg in Resources */,
				74345217289A793700C1E487 /* Main.storyboard in Resources */,
				74345260289A7F8700C1E487 /* nz07.jpg in Resources */,
				74345258289A7F8700C1E487 /* nz08.jpg in Resources */,
			);
			runOnlyForDeploymentPostprocessing = 0;
		};
/* End PBXResourcesBuildPhase section */

/* Begin PBXSourcesBuildPhase section */
		74345208289A793700C1E487 /* Sources */ = {
			isa = PBXSourcesBuildPhase;
			buildActionMask = 2147483647;
			files = (
				74345214289A793700C1E487 /* ViewController.swift in Sources */,
				74345210289A793700C1E487 /* AppDelegate.swift in Sources */,
				74345212289A793700C1E487 /* SceneDelegate.swift in Sources */,
				74345263289B547C00C1E487 /* DetailViewController.swift in Sources */,
			);
			runOnlyForDeploymentPostprocessing = 0;
		};
/* End PBXSourcesBuildPhase section */

/* Begin PBXVariantGroup section */
		74345215289A793700C1E487 /* Main.storyboard */ = {
			isa = PBXVariantGroup;
			children = (
				74345216289A793700C1E487 /* Base */,
			);
			name = Main.storyboard;
			sourceTree = "<group>";
		};
		7434521A289A793C00C1E487 /* LaunchScreen.storyboard */ = {
			isa = PBXVariantGroup;
			children = (
				7434521B289A793C00C1E487 /* Base */,
			);
			name = LaunchScreen.storyboard;
			sourceTree = "<group>";
		};
/* End PBXVariantGroup section */

/* Begin XCBuildConfiguration section */
		7434521E289A793C00C1E487 /* Debug */ = {
			isa = XCBuildConfiguration;
			buildSettings = {
				ALWAYS_SEARCH_USER_PATHS = NO;
				CLANG_ANALYZER_NONNULL = YES;
				CLANG_ANALYZER_NUMBER_OBJECT_CONVERSION = YES_AGGRESSIVE;
				CLANG_CXX_LANGUAGE_STANDARD = "gnu++17";
				CLANG_ENABLE_MODULES = YES;
				CLANG_ENABLE_OBJC_ARC = YES;
				CLANG_ENABLE_OBJC_WEAK = YES;
				CLANG_WARN_BLOCK_CAPTURE_AUTORELEASING = YES;
				CLANG_WARN_BOOL_CONVERSION = YES;
				CLANG_WARN_COMMA = YES;
				CLANG_WARN_CONSTANT_CONVERSION = YES;
				CLANG_WARN_DEPRECATED_OBJC_IMPLEMENTATIONS = YES;
				CLANG_WARN_DIRECT_OBJC_ISA_USAGE = YES_ERROR;
				CLANG_WARN_DOCUMENTATION_COMMENTS = YES;
				CLANG_WARN_EMPTY_BODY = YES;
				CLANG_WARN_ENUM_CONVERSION = YES;
				CLANG_WARN_INFINITE_RECURSION = YES;
				CLANG_WARN_INT_CONVERSION = YES;
				CLANG_WARN_NON_LITERAL_NULL_CONVERSION = YES;
				CLANG_WARN_OBJC_IMPLICIT_RETAIN_SELF = YES;
				CLANG_WARN_OBJC_LITERAL_CONVERSION = YES;
				CLANG_WARN_OBJC_ROOT_CLASS = YES_ERROR;
				CLANG_WARN_QUOTED_INCLUDE_IN_FRAMEWORK_HEADER = YES;
				CLANG_WARN_RANGE_LOOP_ANALYSIS = YES;
				CLANG_WARN_STRICT_PROTOTYPES = YES;
				CLANG_WARN_SUSPICIOUS_MOVE = YES;
				CLANG_WARN_UNGUARDED_AVAILABILITY = YES_AGGRESSIVE;
				CLANG_WARN_UNREACHABLE_CODE = YES;
				CLANG_WARN__DUPLICATE_METHOD_MATCH = YES;
				COPY_PHASE_STRIP = NO;
				DEBUG_INFORMATION_FORMAT = dwarf;
				ENABLE_STRICT_OBJC_MSGSEND = YES;
				ENABLE_TESTABILITY = YES;
				GCC_C_LANGUAGE_STANDARD = gnu11;
				GCC_DYNAMIC_NO_PIC = NO;
				GCC_NO_COMMON_BLOCKS = YES;
				GCC_OPTIMIZATION_LEVEL = 0;
				GCC_PREPROCESSOR_DEFINITIONS = (
					"DEBUG=1",
					"$(inherited)",
				);
				GCC_WARN_64_TO_32_BIT_CONVERSION = YES;
				GCC_WARN_ABOUT_RETURN_TYPE = YES_ERROR;
				GCC_WARN_UNDECLARED_SELECTOR = YES;
				GCC_WARN_UNINITIALIZED_AUTOS = YES_AGGRESSIVE;
				GCC_WARN_UNUSED_FUNCTION = YES;
				GCC_WARN_UNUSED_VARIABLE = YES;
				IPHONEOS_DEPLOYMENT_TARGET = 15.5;
				MTL_ENABLE_DEBUG_INFO = INCLUDE_SOURCE;
				MTL_FAST_MATH = YES;
				ONLY_ACTIVE_ARCH = YES;
				SDKROOT = iphoneos;
				SWIFT_ACTIVE_COMPILATION_CONDITIONS = DEBUG;
				SWIFT_OPTIMIZATION_LEVEL = "-Onone";
			};
			name = Debug;
		};
		7434521F289A793C00C1E487 /* Release */ = {
			isa = XCBuildConfiguration;
			buildSettings = {
				ALWAYS_SEARCH_USER_PATHS = NO;
				CLANG_ANALYZER_NONNULL = YES;
				CLANG_ANALYZER_NUMBER_OBJECT_CONVERSION = YES_AGGRESSIVE;
				CLANG_CXX_LANGUAGE_STANDARD = "gnu++17";
				CLANG_ENABLE_MODULES = YES;
				CLANG_ENABLE_OBJC_ARC = YES;
				CLANG_ENABLE_OBJC_WEAK = YES;
				CLANG_WARN_BLOCK_CAPTURE_AUTORELEASING = YES;
				CLANG_WARN_BOOL_CONVERSION = YES;
				CLANG_WARN_COMMA = YES;
				CLANG_WARN_CONSTANT_CONVERSION = YES;
				CLANG_WARN_DEPRECATED_OBJC_IMPLEMENTATIONS = YES;
				CLANG_WARN_DIRECT_OBJC_ISA_USAGE = YES_ERROR;
				CLANG_WARN_DOCUMENTATION_COMMENTS = YES;
				CLANG_WARN_EMPTY_BODY = YES;
				CLANG_WARN_ENUM_CONVERSION = YES;
				CLANG_WARN_INFINITE_RECURSION = YES;
				CLANG_WARN_INT_CONVERSION = YES;
				CLANG_WARN_NON_LITERAL_NULL_CONVERSION = YES;
				CLANG_WARN_OBJC_IMPLICIT_RETAIN_SELF = YES;
				CLANG_WARN_OBJC_LITERAL_CONVERSION = YES;
				CLANG_WARN_OBJC_ROOT_CLASS = YES_ERROR;
				CLANG_WARN_QUOTED_INCLUDE_IN_FRAMEWORK_HEADER = YES;
				CLANG_WARN_RANGE_LOOP_ANALYSIS = YES;
				CLANG_WARN_STRICT_PROTOTYPES = YES;
				CLANG_WARN_SUSPICIOUS_MOVE = YES;
				CLANG_WARN_UNGUARDED_AVAILABILITY = YES_AGGRESSIVE;
				CLANG_WARN_UNREACHABLE_CODE = YES;
				CLANG_WARN__DUPLICATE_METHOD_MATCH = YES;
				COPY_PHASE_STRIP = NO;
				DEBUG_INFORMATION_FORMAT = "dwarf-with-dsym";
				ENABLE_NS_ASSERTIONS = NO;
				ENABLE_STRICT_OBJC_MSGSEND = YES;
				GCC_C_LANGUAGE_STANDARD = gnu11;
				GCC_NO_COMMON_BLOCKS = YES;
				GCC_WARN_64_TO_32_BIT_CONVERSION = YES;
				GCC_WARN_ABOUT_RETURN_TYPE = YES_ERROR;
				GCC_WARN_UNDECLARED_SELECTOR = YES;
				GCC_WARN_UNINITIALIZED_AUTOS = YES_AGGRESSIVE;
				GCC_WARN_UNUSED_FUNCTION = YES;
				GCC_WARN_UNUSED_VARIABLE = YES;
				IPHONEOS_DEPLOYMENT_TARGET = 15.5;
				MTL_ENABLE_DEBUG_INFO = NO;
				MTL_FAST_MATH = YES;
				SDKROOT = iphoneos;
				SWIFT_COMPILATION_MODE = wholemodule;
				SWIFT_OPTIMIZATION_LEVEL = "-O";
				VALIDATE_PRODUCT = YES;
			};
			name = Release;
		};
		74345221289A793C00C1E487 /* Debug */ = {
			isa = XCBuildConfiguration;
			buildSettings = {
				ASSETCATALOG_COMPILER_APPICON_NAME = AppIcon;
				ASSETCATALOG_COMPILER_GLOBAL_ACCENT_COLOR_NAME = AccentColor;
				CODE_SIGN_STYLE = Automatic;
				CURRENT_PROJECT_VERSION = 1;
				DEVELOPMENT_TEAM = 65BTL3YRDS;
				GENERATE_INFOPLIST_FILE = YES;
				INFOPLIST_FILE = ImageViewer/Info.plist;
				INFOPLIST_KEY_UIApplicationSupportsIndirectInputEvents = YES;
				INFOPLIST_KEY_UILaunchStoryboardName = LaunchScreen;
				INFOPLIST_KEY_UIMainStoryboardFile = Main;
				INFOPLIST_KEY_UISupportedInterfaceOrientations_iPad = "UIInterfaceOrientationPortrait UIInterfaceOrientationPortraitUpsideDown UIInterfaceOrientationLandscapeLeft UIInterfaceOrientationLandscapeRight";
				INFOPLIST_KEY_UISupportedInterfaceOrientations_iPhone = "UIInterfaceOrientationPortrait UIInterfaceOrientationLandscapeLeft UIInterfaceOrientationLandscapeRight";
				LD_RUNPATH_SEARCH_PATHS = (
					"$(inherited)",
					"@executable_path/Frameworks",
				);
				MARKETING_VERSION = 1.0;
				PRODUCT_BUNDLE_IDENTIFIER = me.gibert.ImageViewer;
				PRODUCT_NAME = "$(TARGET_NAME)";
				SWIFT_EMIT_LOC_STRINGS = YES;
				SWIFT_VERSION = 5.0;
				TARGETED_DEVICE_FAMILY = "1,2";
			};
			name = Debug;
		};
		74345222289A793C00C1E487 /* Release */ = {
			isa = XCBuildConfiguration;
			buildSettings = {
				ASSETCATALOG_COMPILER_APPICON_NAME = AppIcon;
				ASSETCATALOG_COMPILER_GLOBAL_ACCENT_COLOR_NAME = AccentColor;
				CODE_SIGN_STYLE = Automatic;
				CURRENT_PROJECT_VERSION = 1;
				DEVELOPMENT_TEAM = 65BTL3YRDS;
				GENERATE_INFOPLIST_FILE = YES;
				INFOPLIST_FILE = ImageViewer/Info.plist;
				INFOPLIST_KEY_UIApplicationSupportsIndirectInputEvents = YES;
				INFOPLIST_KEY_UILaunchStoryboardName = LaunchScreen;
				INFOPLIST_KEY_UIMainStoryboardFile = Main;
				INFOPLIST_KEY_UISupportedInterfaceOrientations_iPad = "UIInterfaceOrientationPortrait UIInterfaceOrientationPortraitUpsideDown UIInterfaceOrientationLandscapeLeft UIInterfaceOrientationLandscapeRight";
				INFOPLIST_KEY_UISupportedInterfaceOrientations_iPhone = "UIInterfaceOrientationPortrait UIInterfaceOrientationLandscapeLeft UIInterfaceOrientationLandscapeRight";
				LD_RUNPATH_SEARCH_PATHS = (
					"$(inherited)",
					"@executable_path/Frameworks",
				);
				MARKETING_VERSION = 1.0;
				PRODUCT_BUNDLE_IDENTIFIER = me.gibert.ImageViewer;
				PRODUCT_NAME = "$(TARGET_NAME)";
				SWIFT_EMIT_LOC_STRINGS = YES;
				SWIFT_VERSION = 5.0;
				TARGETED_DEVICE_FAMILY = "1,2";
			};
			name = Release;
		};
/* End XCBuildConfiguration section */

/* Begin XCConfigurationList section */
		74345207289A793700C1E487 /* Build configuration list for PBXProject "ImageViewer" */ = {
			isa = XCConfigurationList;
			buildConfigurations = (
				7434521E289A793C00C1E487 /* Debug */,
				7434521F289A793C00C1E487 /* Release */,
			);
			defaultConfigurationIsVisible = 0;
			defaultConfigurationName = Release;
		};
		74345220289A793C00C1E487 /* Build configuration list for PBXNativeTarget "ImageViewer" */ = {
			isa = XCConfigurationList;
			buildConfigurations = (
				74345221289A793C00C1E487 /* Debug */,
				74345222289A793C00C1E487 /* Release */,
			);
			defaultConfigurationIsVisible = 0;
			defaultConfigurationName = Release;
		};
/* End XCConfigurationList section */
	};
	rootObject = 74345204289A793700C1E487 /* Project object */;
}
